
Microsoft Visual Studio Solution File, Format Version 12.00
# Visual Studio Version 17
VisualStudioVersion = 17.0.31903.59
MinimumVisualStudioVersion = 10.0.40219.1
Project("{FAE04EC0-301F-11D3-BF4B-00C04F79EFBC}") = "CleanBackendDemo.Domain", "CleanBackendDemo.Domain\CleanBackendDemo.Domain.csproj", "{6D77F2BB-CCC4-4B0C-B3E7-A847D3239AAB}"
EndProject
Project("{FAE04EC0-301F-11D3-BF4B-00C04F79EFBC}") = "CleanBackendDemo.Application", "CleanBackendDemo.Application\CleanBackendDemo.Application.csproj", "{C2558144-63FF-451E-AF55-2187A1E53680}"
EndProject
Project("{FAE04EC0-301F-11D3-BF4B-00C04F79EFBC}") = "CleanBackendDemo.Infrastructure", "CleanBackendDemo.Infrastructure\CleanBackendDemo.Infrastructure.csproj", "{898C3AAB-02CF-4407-8E28-D1CCAB65A3D7}"
EndProject
Project("{FAE04EC0-301F-11D3-BF4B-00C04F79EFBC}") = "CleanBackendDemo.WebApi", "CleanBackendDemo.WebApi\CleanBackendDemo.WebApi.csproj", "{E51B2938-EE0B-4712-9E0D-8F845013762B}"
EndProject
Global
	GlobalSection(SolutionConfigurationPlatforms) = preSolution
		Debug|Any CPU = Debug|Any CPU
		Debug|x64 = Debug|x64
		Debug|x86 = Debug|x86
		Release|Any CPU = Release|Any CPU
		Release|x64 = Release|x64
		Release|x86 = Release|x86
	EndGlobalSection
	GlobalSection(ProjectConfigurationPlatforms) = postSolution
		{6D77F2BB-CCC4-4B0C-B3E7-A847D3239AAB}.Debug|Any CPU.ActiveCfg = Debug|Any CPU
		{6D77F2BB-CCC4-4B0C-B3E7-A847D3239AAB}.Debug|Any CPU.Build.0 = Debug|Any CPU
		{6D77F2BB-CCC4-4B0C-B3E7-A847D3239AAB}.Debug|x64.ActiveCfg = Debug|Any CPU
		{6D77F2BB-CCC4-4B0C-B3E7-A847D3239AAB}.Debug|x64.Build.0 = Debug|Any CPU
		{6D77F2BB-CCC4-4B0C-B3E7-A847D3239AAB}.Debug|x86.ActiveCfg = Debug|Any CPU
		{6D77F2BB-CCC4-4B0C-B3E7-A847D3239AAB}.Debug|x86.Build.0 = Debug|Any CPU
		{6D77F2BB-CCC4-4B0C-B3E7-A847D3239AAB}.Release|Any CPU.ActiveCfg = Release|Any CPU
		{6D77F2BB-CCC4-4B0C-B3E7-A847D3239AAB}.Release|Any CPU.Build.0 = Release|Any CPU
		{6D77F2BB-CCC4-4B0C-B3E7-A847D3239AAB}.Release|x64.ActiveCfg = Release|Any CPU
		{6D77F2BB-CCC4-4B0C-B3E7-A847D3239AAB}.Release|x64.Build.0 = Release|Any CPU
		{6D77F2BB-CCC4-4B0C-B3E7-A847D3239AAB}.Release|x86.ActiveCfg = Release|Any CPU
		{6D77F2BB-CCC4-4B0C-B3E7-A847D3239AAB}.Release|x86.Build.0 = Release|Any CPU
		{C2558144-63FF-451E-AF55-2187A1E53680}.Debug|Any CPU.ActiveCfg = Debug|Any CPU
		{C2558144-63FF-451E-AF55-2187A1E53680}.Debug|Any CPU.Build.0 = Debug|Any CPU
		{C2558144-63FF-451E-AF55-2187A1E53680}.Debug|x64.ActiveCfg = Debug|Any CPU
		{C2558144-63FF-451E-AF55-2187A1E53680}.Debug|x64.Build.0 = Debug|Any CPU
		{C2558144-63FF-451E-AF55-2187A1E53680}.Debug|x86.ActiveCfg = Debug|Any CPU
		{C2558144-63FF-451E-AF55-2187A1E53680}.Debug|x86.Build.0 = Debug|Any CPU
		{C2558144-63FF-451E-AF55-2187A1E53680}.Release|Any CPU.ActiveCfg = Release|Any CPU
		{C2558144-63FF-451E-AF55-2187A1E53680}.Release|Any CPU.Build.0 = Release|Any CPU
		{C2558144-63FF-451E-AF55-2187A1E53680}.Release|x64.ActiveCfg = Release|Any CPU
		{C2558144-63FF-451E-AF55-2187A1E53680}.Release|x64.Build.0 = Release|Any CPU
		{C2558144-63FF-451E-AF55-2187A1E53680}.Release|x86.ActiveCfg = Release|Any CPU
		{C2558144-63FF-451E-AF55-2187A1E53680}.Release|x86.Build.0 = Release|Any CPU
		{898C3AAB-02CF-4407-8E28-D1CCAB65A3D7}.Debug|Any CPU.ActiveCfg = Debug|Any CPU
		{898C3AAB-02CF-4407-8E28-D1CCAB65A3D7}.Debug|Any CPU.Build.0 = Debug|Any CPU
		{898C3AAB-02CF-4407-8E28-D1CCAB65A3D7}.Debug|x64.ActiveCfg = Debug|Any CPU
		{898C3AAB-02CF-4407-8E28-D1CCAB65A3D7}.Debug|x64.Build.0 = Debug|Any CPU
		{898C3AAB-02CF-4407-8E28-D1CCAB65A3D7}.Debug|x86.ActiveCfg = Debug|Any CPU
		{898C3AAB-02CF-4407-8E28-D1CCAB65A3D7}.Debug|x86.Build.0 = Debug|Any CPU
		{898C3AAB-02CF-4407-8E28-D1CCAB65A3D7}.Release|Any CPU.ActiveCfg = Release|Any CPU
		{898C3AAB-02CF-4407-8E28-D1CCAB65A3D7}.Release|Any CPU.Build.0 = Release|Any CPU
		{898C3AAB-02CF-4407-8E28-D1CCAB65A3D7}.Release|x64.ActiveCfg = Release|Any CPU
		{898C3AAB-02CF-4407-8E28-D1CCAB65A3D7}.Release|x64.Build.0 = Release|Any CPU
		{898C3AAB-02CF-4407-8E28-D1CCAB65A3D7}.Release|x86.ActiveCfg = Release|Any CPU
		{898C3AAB-02CF-4407-8E28-D1CCAB65A3D7}.Release|x86.Build.0 = Release|Any CPU
		{E51B2938-EE0B-4712-9E0D-8F845013762B}.Debug|Any CPU.ActiveCfg = Debug|Any CPU
		{E51B2938-EE0B-4712-9E0D-8F845013762B}.Debug|Any CPU.Build.0 = Debug|Any CPU
		{E51B2938-EE0B-4712-9E0D-8F845013762B}.Debug|x64.ActiveCfg = Debug|Any CPU
		{E51B2938-EE0B-4712-9E0D-8F845013762B}.Debug|x64.Build.0 = Debug|Any CPU
		{E51B2938-EE0B-4712-9E0D-8F845013762B}.Debug|x86.ActiveCfg = Debug|Any CPU
		{E51B2938-EE0B-4712-9E0D-8F845013762B}.Debug|x86.Build.0 = Debug|Any CPU
		{E51B2938-EE0B-4712-9E0D-8F845013762B}.Release|Any CPU.ActiveCfg = Release|Any CPU
		{E51B2938-EE0B-4712-9E0D-8F845013762B}.Release|Any CPU.Build.0 = Release|Any CPU
		{E51B2938-EE0B-4712-9E0D-8F845013762B}.Release|x64.ActiveCfg = Release|Any CPU
		{E51B2938-EE0B-4712-9E0D-8F845013762B}.Release|x64.Build.0 = Release|Any CPU
		{E51B2938-EE0B-4712-9E0D-8F845013762B}.Release|x86.ActiveCfg = Release|Any CPU
		{E51B2938-EE0B-4712-9E0D-8F845013762B}.Release|x86.Build.0 = Release|Any CPU
	EndGlobalSection
	GlobalSection(SolutionProperties) = preSolution
		HideSolutionNode = FALSE
	EndGlobalSection
EndGlobal
